{
  "version": 4,
  "terraform_version": "1.3.6",
  "serial": 316,
  "lineage": "c52cfb7b-2f2c-4094-59d6-23ae21ff9ee0",
  "outputs": {},
  "resources": [
    {
      "mode": "data",
      "type": "aws_eks_cluster",
      "name": "eks_blueprints",
      "provider": "provider[\"registry.terraform.io/hashicorp/aws\"]",
      "instances": [
        {
          "schema_version": 0,
          "attributes": {
            "arn": "arn:aws:eks:ap-northeast-2:532805286864:cluster/blueprints-terraform",
            "certificate_authority": [
              {
                "data": "LS0tLS1CRUdJTiBDRVJUSUZJQ0FURS0tLS0tCk1JSUMvakNDQWVhZ0F3SUJBZ0lCQURBTkJna3Foa2lHOXcwQkFRc0ZBREFWTVJNd0VRWURWUVFERXdwcmRXSmwKY201bGRHVnpNQjRYRFRJek1ERXhNREV4TWpFMU0xb1hEVE16TURFd056RXhNakUxTTFvd0ZURVRNQkVHQTFVRQpBeE1LYTNWaVpYSnVaWFJsY3pDQ0FTSXdEUVlKS29aSWh2Y05BUUVCQlFBRGdnRVBBRENDQVFvQ2dnRUJBTTZPCkJadWcyU3ZoeHo4R3FCeVdoTEt3RWVrakJEWHM5aU51YjZ4Tzc2Zlhsc3JhMU1EL2Jaem1IejcyYnZSYnd0WS8KOUJ1ZnVLSWZGNmZnR3k0M1lFK2hSUzJHUVYrcVd6dmpNa1hwTDFmUE9Xbnl5SUpHbzNZNUZZMkl4V3FUUTNVVwpTcHNURHp5RUcwbjZyT3FnTmdFYzJrL09jaUpnMmVqQllwT2pEQjhPZTBMaVhQdVRsRWZkd0tGaXdENStTOTRqCnJJczlCQTdFcGxYajV1QU5GVGJkL21sSXdCZ3VOVjFGRklWV01UWC9IMGV2cjlFbUpTWG5ON2xLNG5ORFBpVDMKSWlmSWhYNTR5QTFpQ004YWtVVElVQW5EWWY3WC9MZ0VxV1FmQmxjTGd3UVpiZDhubm9JQzA5S01yTHh3eG1UQQpJNkdEUmtOQ25sKzliR3JXalUwQ0F3RUFBYU5aTUZjd0RnWURWUjBQQVFIL0JBUURBZ0trTUE4R0ExVWRFd0VCCi93UUZNQU1CQWY4d0hRWURWUjBPQkJZRUZGWVlTSzQzampsWElVank0RHg2bkNjL1dLQmtNQlVHQTFVZEVRUU8KTUF5Q0NtdDFZbVZ5Ym1WMFpYTXdEUVlKS29aSWh2Y05BUUVMQlFBRGdnRUJBQWx1QzJwWVVaV1FVQXFOSlJjQwpGOXhvcncwbmMyNTFtWHFQYmFrbUVVS0pBNVQ5UFRKZTRQZnVldE1WaGwyOVZaZXB1emNQaE1ReldrNnFJcVRRCjNaWS9tYmZsT0lucWFDYk1kSFEzZzJJM1BkeURvNUx0TVRxdWw5WEozTDJta3U2UmpaQ1FjbitmL2JsOGlsbi8KaUVGMnpYT0RXUDVqbFQvUXE5aXpqTFdOOTlpSmVUK3Q5M254VHZpQTlEK1ZnSEdMeXF6NFQwdUpPZTRTNyt0UworSktzN0wyR25sN1JZeW1qcjZPZENlRm55NzE2dy9nelFCSnBkV2kwWVQyM0RPcUdDQU1MTGdyRU1lMTQzQ3ZUCmloWWRmS2VXOStFRTdiaGdTeEFQZllNY3dvdTVUZ3RuVzNDaGQ1R2dwS1ZVcXlOcjlvaXB0UTNNOXlLN3NRR3MKYlRJPQotLS0tLUVORCBDRVJUSUZJQ0FURS0tLS0tCg=="
              }
            ],
            "cluster_id": null,
            "created_at": "2023-01-10 11:16:19.186 +0000 UTC",
            "enabled_cluster_log_types": [
              "api",
              "audit",
              "authenticator",
              "controllerManager",
              "scheduler"
            ],
            "endpoint": "https://8825263A95F0444A17284F66AB0B32B0.gr7.ap-northeast-2.eks.amazonaws.com",
            "id": "blueprints-terraform",
            "identity": [
              {
                "oidc": [
                  {
                    "issuer": "https://oidc.eks.ap-northeast-2.amazonaws.com/id/8825263A95F0444A17284F66AB0B32B0"
                  }
                ]
              }
            ],
            "kubernetes_network_config": [
              {
                "ip_family": "ipv4",
                "service_ipv4_cidr": "172.20.0.0/16",
                "service_ipv6_cidr": ""
              }
            ],
            "name": "blueprints-terraform",
            "outpost_config": [],
            "platform_version": "eks.5",
            "role_arn": "arn:aws:iam::532805286864:role/blueprints-terraform-cluster-role",
            "status": "ACTIVE",
            "tags": {
              "Blueprint": "blueprints-terraform",
              "GithubRepo": "github.com/aws-ia/terraform-aws-eks-blueprints"
            },
            "version": "1.23",
            "vpc_config": [
              {
                "cluster_security_group_id": "sg-08fd0d20d4ea4ae7a",
                "endpoint_private_access": false,
                "endpoint_public_access": true,
                "public_access_cidrs": [
                  "0.0.0.0/0"
                ],
                "security_group_ids": [
                  "sg-0fcc2a9d8993a6c25"
                ],
                "subnet_ids": [
                  "subnet-081308012c87e4c04",
                  "subnet-09a54c9a8f9181476",
                  "subnet-09c8dd15e21996ef5"
                ],
                "vpc_id": "vpc-09e84bfb983ec467d"
              }
            ]
          },
          "sensitive_attributes": []
        }
      ]
    },
    {
      "mode": "data",
      "type": "aws_eks_cluster_auth",
      "name": "eks_blueprints",
      "provider": "provider[\"registry.terraform.io/hashicorp/aws\"]",
      "instances": [
        {
          "schema_version": 0,
          "attributes": {
            "id": "blueprints-terraform",
            "name": "blueprints-terraform",
            "token": "k8s-aws-v1.aHR0cHM6Ly9zdHMuYXAtbm9ydGhlYXN0LTIuYW1hem9uYXdzLmNvbS8_QWN0aW9uPUdldENhbGxlcklkZW50aXR5JlZlcnNpb249MjAxMS0wNi0xNSZYLUFtei1BbGdvcml0aG09QVdTNC1ITUFDLVNIQTI1NiZYLUFtei1DcmVkZW50aWFsPUFLSUFYWUROTFBQSUhBM0ZWRE1KJTJGMjAyMzAxMTElMkZhcC1ub3J0aGVhc3QtMiUyRnN0cyUyRmF3czRfcmVxdWVzdCZYLUFtei1EYXRlPTIwMjMwMTExVDA1NTUxNFomWC1BbXotRXhwaXJlcz0wJlgtQW16LVNpZ25lZEhlYWRlcnM9aG9zdCUzQngtazhzLWF3cy1pZCZYLUFtei1TaWduYXR1cmU9Y2Q1OTJiNTMwNWViMDkyOGM5ZTVmZmYyNGM1NjZjMGI5MTdhOWFiZWYxMjIwZDQ3YmZiOWQ2MWQ1ODJjMDRlZg"
          },
          "sensitive_attributes": []
        }
      ]
    },
    {
      "module": "module.eks_blueprints_kubernetes_addons",
      "mode": "data",
      "type": "aws_caller_identity",
      "name": "current",
      "provider": "provider[\"registry.terraform.io/hashicorp/aws\"]",
      "instances": [
        {
          "schema_version": 0,
          "attributes": {
            "account_id": "532805286864",
            "arn": "arn:aws:iam::532805286864:user/whpark",
            "id": "532805286864",
            "user_id": "AIDAXYDNLPPIEW2SY5NBL"
          },
          "sensitive_attributes": []
        }
      ]
    },
    {
      "module": "module.eks_blueprints_kubernetes_addons",
      "mode": "data",
      "type": "aws_eks_cluster",
      "name": "eks_cluster",
      "provider": "provider[\"registry.terraform.io/hashicorp/aws\"]",
      "instances": [
        {
          "schema_version": 0,
          "attributes": {
            "arn": "arn:aws:eks:ap-northeast-2:532805286864:cluster/blueprints-terraform",
            "certificate_authority": [
              {
                "data": "LS0tLS1CRUdJTiBDRVJUSUZJQ0FURS0tLS0tCk1JSUMvakNDQWVhZ0F3SUJBZ0lCQURBTkJna3Foa2lHOXcwQkFRc0ZBREFWTVJNd0VRWURWUVFERXdwcmRXSmwKY201bGRHVnpNQjRYRFRJek1ERXhNREV4TWpFMU0xb1hEVE16TURFd056RXhNakUxTTFvd0ZURVRNQkVHQTFVRQpBeE1LYTNWaVpYSnVaWFJsY3pDQ0FTSXdEUVlKS29aSWh2Y05BUUVCQlFBRGdnRVBBRENDQVFvQ2dnRUJBTTZPCkJadWcyU3ZoeHo4R3FCeVdoTEt3RWVrakJEWHM5aU51YjZ4Tzc2Zlhsc3JhMU1EL2Jaem1IejcyYnZSYnd0WS8KOUJ1ZnVLSWZGNmZnR3k0M1lFK2hSUzJHUVYrcVd6dmpNa1hwTDFmUE9Xbnl5SUpHbzNZNUZZMkl4V3FUUTNVVwpTcHNURHp5RUcwbjZyT3FnTmdFYzJrL09jaUpnMmVqQllwT2pEQjhPZTBMaVhQdVRsRWZkd0tGaXdENStTOTRqCnJJczlCQTdFcGxYajV1QU5GVGJkL21sSXdCZ3VOVjFGRklWV01UWC9IMGV2cjlFbUpTWG5ON2xLNG5ORFBpVDMKSWlmSWhYNTR5QTFpQ004YWtVVElVQW5EWWY3WC9MZ0VxV1FmQmxjTGd3UVpiZDhubm9JQzA5S01yTHh3eG1UQQpJNkdEUmtOQ25sKzliR3JXalUwQ0F3RUFBYU5aTUZjd0RnWURWUjBQQVFIL0JBUURBZ0trTUE4R0ExVWRFd0VCCi93UUZNQU1CQWY4d0hRWURWUjBPQkJZRUZGWVlTSzQzampsWElVank0RHg2bkNjL1dLQmtNQlVHQTFVZEVRUU8KTUF5Q0NtdDFZbVZ5Ym1WMFpYTXdEUVlKS29aSWh2Y05BUUVMQlFBRGdnRUJBQWx1QzJwWVVaV1FVQXFOSlJjQwpGOXhvcncwbmMyNTFtWHFQYmFrbUVVS0pBNVQ5UFRKZTRQZnVldE1WaGwyOVZaZXB1emNQaE1ReldrNnFJcVRRCjNaWS9tYmZsT0lucWFDYk1kSFEzZzJJM1BkeURvNUx0TVRxdWw5WEozTDJta3U2UmpaQ1FjbitmL2JsOGlsbi8KaUVGMnpYT0RXUDVqbFQvUXE5aXpqTFdOOTlpSmVUK3Q5M254VHZpQTlEK1ZnSEdMeXF6NFQwdUpPZTRTNyt0UworSktzN0wyR25sN1JZeW1qcjZPZENlRm55NzE2dy9nelFCSnBkV2kwWVQyM0RPcUdDQU1MTGdyRU1lMTQzQ3ZUCmloWWRmS2VXOStFRTdiaGdTeEFQZllNY3dvdTVUZ3RuVzNDaGQ1R2dwS1ZVcXlOcjlvaXB0UTNNOXlLN3NRR3MKYlRJPQotLS0tLUVORCBDRVJUSUZJQ0FURS0tLS0tCg=="
              }
            ],
            "cluster_id": null,
            "created_at": "2023-01-10 11:16:19.186 +0000 UTC",
            "enabled_cluster_log_types": [
              "api",
              "audit",
              "authenticator",
              "controllerManager",
              "scheduler"
            ],
            "endpoint": "https://8825263A95F0444A17284F66AB0B32B0.gr7.ap-northeast-2.eks.amazonaws.com",
            "id": "blueprints-terraform",
            "identity": [
              {
                "oidc": [
                  {
                    "issuer": "https://oidc.eks.ap-northeast-2.amazonaws.com/id/8825263A95F0444A17284F66AB0B32B0"
                  }
                ]
              }
            ],
            "kubernetes_network_config": [
              {
                "ip_family": "ipv4",
                "service_ipv4_cidr": "172.20.0.0/16",
                "service_ipv6_cidr": ""
              }
            ],
            "name": "blueprints-terraform",
            "outpost_config": [],
            "platform_version": "eks.5",
            "role_arn": "arn:aws:iam::532805286864:role/blueprints-terraform-cluster-role",
            "status": "ACTIVE",
            "tags": {
              "Blueprint": "blueprints-terraform",
              "GithubRepo": "github.com/aws-ia/terraform-aws-eks-blueprints"
            },
            "version": "1.23",
            "vpc_config": [
              {
                "cluster_security_group_id": "sg-08fd0d20d4ea4ae7a",
                "endpoint_private_access": false,
                "endpoint_public_access": true,
                "public_access_cidrs": [
                  "0.0.0.0/0"
                ],
                "security_group_ids": [
                  "sg-0fcc2a9d8993a6c25"
                ],
                "subnet_ids": [
                  "subnet-081308012c87e4c04",
                  "subnet-09a54c9a8f9181476",
                  "subnet-09c8dd15e21996ef5"
                ],
                "vpc_id": "vpc-09e84bfb983ec467d"
              }
            ]
          },
          "sensitive_attributes": []
        }
      ]
    },
    {
      "module": "module.eks_blueprints_kubernetes_addons",
      "mode": "data",
      "type": "aws_partition",
      "name": "current",
      "provider": "provider[\"registry.terraform.io/hashicorp/aws\"]",
      "instances": [
        {
          "schema_version": 0,
          "attributes": {
            "dns_suffix": "amazonaws.com",
            "id": "aws",
            "partition": "aws",
            "reverse_dns_prefix": "com.amazonaws"
          },
          "sensitive_attributes": []
        }
      ]
    },
    {
      "module": "module.eks_blueprints_kubernetes_addons",
      "mode": "data",
      "type": "aws_region",
      "name": "current",
      "provider": "provider[\"registry.terraform.io/hashicorp/aws\"]",
      "instances": [
        {
          "schema_version": 0,
          "attributes": {
            "description": "Asia Pacific (Seoul)",
            "endpoint": "ec2.ap-northeast-2.amazonaws.com",
            "id": "ap-northeast-2",
            "name": "ap-northeast-2"
          },
          "sensitive_attributes": []
        }
      ]
    },
    {
      "module": "module.eks_blueprints_kubernetes_addons",
      "mode": "managed",
      "type": "time_sleep",
      "name": "dataplane",
      "provider": "provider[\"registry.terraform.io/hashicorp/time\"]",
      "instances": [
        {
          "schema_version": 0,
          "attributes": {
            "create_duration": "10s",
            "destroy_duration": null,
            "id": "2023-01-11T06:01:52Z",
            "triggers": {
              "data_plane_wait_arn": "",
              "eks_cluster_id": "blueprints-terraform"
            }
          },
          "sensitive_attributes": [],
          "dependencies": [
            "data.aws_eks_cluster.eks_blueprints"
          ]
        }
      ]
    },
    {
      "module": "module.eks_blueprints_kubernetes_addons.module.kube_prometheus_stack[0]",
      "mode": "managed",
      "type": "kubernetes_namespace_v1",
      "name": "prometheus",
      "provider": "provider[\"registry.terraform.io/hashicorp/kubernetes\"]",
      "instances": [
        {
          "schema_version": 0,
          "attributes": {
            "id": "kube-prometheus-stack",
            "metadata": [
              {
                "annotations": null,
                "generate_name": "",
                "generation": 0,
                "labels": null,
                "name": "kube-prometheus-stack",
                "resource_version": "262064",
                "uid": "9b3f5609-2dbc-42cc-83b0-654da24ed191"
              }
            ],
            "timeouts": null
          },
          "sensitive_attributes": [],
          "private": "eyJlMmJmYjczMC1lY2FhLTExZTYtOGY4OC0zNDM2M2JjN2M0YzAiOnsiZGVsZXRlIjozMDAwMDAwMDAwMDB9fQ==",
          "dependencies": [
            "data.aws_eks_cluster.eks_blueprints",
            "data.aws_eks_cluster_auth.eks_blueprints"
          ]
        }
      ]
    },
    {
      "module": "module.eks_blueprints_kubernetes_addons.module.kube_prometheus_stack[0].module.helm_addon",
      "mode": "managed",
      "type": "helm_release",
      "name": "addon",
      "provider": "provider[\"registry.terraform.io/hashicorp/helm\"]",
      "instances": [
        {
          "index_key": 0,
          "schema_version": 0,
          "attributes": {
            "atomic": false,
            "chart": "kube-prometheus-stack",
            "cleanup_on_fail": false,
            "create_namespace": false,
            "dependency_update": false,
            "description": "kube-prometheus-stack helm Chart deployment configuration",
            "devel": null,
            "disable_crd_hooks": false,
            "disable_openapi_validation": false,
            "disable_webhooks": false,
            "force_update": false,
            "id": "kube-prometheus-stack",
            "keyring": "",
            "lint": false,
            "manifest": null,
            "max_history": 0,
            "metadata": [
              {
                "app_version": "0.60.1",
                "chart": "kube-prometheus-stack",
                "name": "kube-prometheus-stack",
                "namespace": "kube-prometheus-stack",
                "revision": 1,
                "values": "{\"grafana\":{\"ingress\":{\"Hosts\":[\"grafana.steve-aws.com\"],\"annotations\":{\"alb.ingress.kubernetes.io/actions.ssl-redirect\":\"443\",\"alb.ingress.kubernetes.io/backend-protocol\":\"HTTP\",\"alb.ingress.kubernetes.io/certificate-arn\":\"arn:aws:acm:ap-northeast-2:532805286864:certificate/67ededc5-c221-4e88-a3d4-20fc71efd82b\",\"alb.ingress.kubernetes.io/group.name\":\"monitoring-alb-group\",\"alb.ingress.kubernetes.io/healthcheck-port\":\"traffic-port\",\"alb.ingress.kubernetes.io/listen-ports\":\"[{\\\"HTTP\\\":80,\\\"HTTPS\\\": 443}]\",\"alb.ingress.kubernetes.io/scheme\":\"internet-facing\",\"alb.ingress.kubernetes.io/target-type\":\"ip\"},\"enabled\":true,\"ingressClassName\":\"alb\",\"paths\":[\"/\"]}},\"prometheus\":{\"prometheusSpec\":{\"storageSpec\":{\"volumeClaimTemplate\":{\"spec\":{\"accessModes\":[\"ReadWriteOnce\"],\"resources\":{\"requests\":{\"storage\":\"20Gi\"}},\"storageClassName\":\"gp2\"}}}}}}",
                "version": "41.6.1"
              }
            ],
            "name": "kube-prometheus-stack",
            "namespace": "kube-prometheus-stack",
            "pass_credentials": false,
            "postrender": [
              {
                "args": null,
                "binary_path": ""
              }
            ],
            "recreate_pods": false,
            "render_subchart_notes": true,
            "replace": false,
            "repository": "https://prometheus-community.github.io/helm-charts",
            "repository_ca_file": null,
            "repository_cert_file": "",
            "repository_key_file": "",
            "repository_password": "",
            "repository_username": "",
            "reset_values": false,
            "reuse_values": false,
            "set": [],
            "set_sensitive": [],
            "skip_crds": false,
            "status": "deployed",
            "timeout": 1200,
            "values": [
              "## Provide a name in place of kube-prometheus-stack for `app:` labels\n##\n# nameOverride: \"prometheus\"\n\n# ## Override the deployment namespace\n# ##\n# namespaceOverride: \"prometheus\"\n# fullnameOverride: \"prometheus\"\n\nprometheus:\n  prometheusSpec:\n    storageSpec:\n      volumeClaimTemplate:\n        spec:\n          storageClassName: gp2\n          accessModes: [\"ReadWriteOnce\"]\n          resources:\n            requests:\n              storage: 20Gi\n\ngrafana:\n  ingress:\n    enabled: true\n    ingressClassName: alb\n    annotations:\n      {\n        alb.ingress.kubernetes.io/scheme: \"internet-facing\",\n        alb.ingress.kubernetes.io/target-type: \"ip\",\n        alb.ingress.kubernetes.io/listen-ports: '[{\"HTTP\":80,\"HTTPS\": 443}]',\n        alb.ingress.kubernetes.io/backend-protocol: \"HTTP\",\n        alb.ingress.kubernetes.io/healthcheck-port: traffic-port,\n        alb.ingress.kubernetes.io/actions.ssl-redirect: \"443\",\n        # alb.ingress.kubernetes.io/success-codes: \"200,302\",\n        alb.ingress.kubernetes.io/certificate-arn: \"arn:aws:acm:ap-northeast-2:532805286864:certificate/67ededc5-c221-4e88-a3d4-20fc71efd82b\",\n        alb.ingress.kubernetes.io/group.name: \"monitoring-alb-group\",\n      }\n\n    Hosts:\n      - grafana.steve-aws.com\n    paths:\n      - /"
            ],
            "verify": false,
            "version": "41.6.1",
            "wait": true,
            "wait_for_jobs": false
          },
          "sensitive_attributes": [],
          "private": "bnVsbA==",
          "dependencies": [
            "data.aws_eks_cluster.eks_blueprints",
            "data.aws_eks_cluster_auth.eks_blueprints",
            "module.eks_blueprints_kubernetes_addons.data.aws_caller_identity.current",
            "module.eks_blueprints_kubernetes_addons.data.aws_eks_cluster.eks_cluster",
            "module.eks_blueprints_kubernetes_addons.data.aws_partition.current",
            "module.eks_blueprints_kubernetes_addons.data.aws_region.current",
            "module.eks_blueprints_kubernetes_addons.module.kube_prometheus_stack.kubernetes_namespace_v1.prometheus",
            "module.eks_blueprints_kubernetes_addons.module.kube_prometheus_stack.module.helm_addon.module.irsa.aws_iam_role.irsa",
            "module.eks_blueprints_kubernetes_addons.module.kube_prometheus_stack.module.helm_addon.module.irsa.aws_iam_role_policy_attachment.irsa",
            "module.eks_blueprints_kubernetes_addons.module.kube_prometheus_stack.module.helm_addon.module.irsa.kubernetes_namespace_v1.irsa",
            "module.eks_blueprints_kubernetes_addons.module.kube_prometheus_stack.module.helm_addon.module.irsa.kubernetes_secret_v1.irsa",
            "module.eks_blueprints_kubernetes_addons.module.kube_prometheus_stack.module.helm_addon.module.irsa.kubernetes_service_account_v1.irsa",
            "module.eks_blueprints_kubernetes_addons.time_sleep.dataplane"
          ]
        }
      ]
    }
  ],
  "check_results": null
}
